
Microsoft Visual Studio Solution File, Format Version 12.00
# Visual Studio Version 16
VisualStudioVersion = 16.0.30413.136
MinimumVisualStudioVersion = 10.0.40219.1
Project("{FAE04EC0-301F-11D3-BF4B-00C04F79EFBC}") = "Zak1", "Zak1.csproj", "{814E8754-462B-4DC7-8DE5-66F700CF4A93}"
EndProject
Global
	GlobalSection(SolutionConfigurationPlatforms) = preSolution
		Debug|Any CPU = Debug|Any CPU
		Release|Any CPU = Release|Any CPU
	EndGlobalSection
	GlobalSection(ProjectConfigurationPlatforms) = postSolution
		{814E8754-462B-4DC7-8DE5-66F700CF4A93}.Debug|Any CPU.ActiveCfg = Debug|Any CPU
		{814E8754-462B-4DC7-8DE5-66F700CF4A93}.Debug|Any CPU.Build.0 = Debug|Any CPU
		{814E8754-462B-4DC7-8DE5-66F700CF4A93}.Release|Any CPU.ActiveCfg = Release|Any CPU
		{814E8754-462B-4DC7-8DE5-66F700CF4A93}.Release|Any CPU.Build.0 = Release|Any CPU
	EndGlobalSection
	GlobalSection(SolutionProperties) = preSolution
		HideSolutionNode = FALSE
	EndGlobalSection
	GlobalSection(ExtensibilityGlobals) = postSolution
		SolutionGuid = {A0B4E4B5-4EC1-4D6B-AA9D-417A5524209D}
	EndGlobalSection
EndGlobal
